
Microsoft Visual Studio Solution File, Format Version 12.00
# Visual Studio Version 17
VisualStudioVersion = 17.4.33213.308
MinimumVisualStudioVersion = 10.0.40219.1
Project("{FAE04EC0-301F-11D3-BF4B-00C04F79EFBC}") = "Week15OOPandFiles", "Week15OOPandFiles\Week15OOPandFiles.csproj", "{31AF5E99-F5DC-4194-9BD6-9899C47ADA6B}"
EndProject
Global
	GlobalSection(SolutionConfigurationPlatforms) = preSolution
		Debug|Any CPU = Debug|Any CPU
		Release|Any CPU = Release|Any CPU
	EndGlobalSection
	GlobalSection(ProjectConfigurationPlatforms) = postSolution
		{31AF5E99-F5DC-4194-9BD6-9899C47ADA6B}.Debug|Any CPU.ActiveCfg = Debug|Any CPU
		{31AF5E99-F5DC-4194-9BD6-9899C47ADA6B}.Debug|Any CPU.Build.0 = Debug|Any CPU
		{31AF5E99-F5DC-4194-9BD6-9899C47ADA6B}.Release|Any CPU.ActiveCfg = Release|Any CPU
		{31AF5E99-F5DC-4194-9BD6-9899C47ADA6B}.Release|Any CPU.Build.0 = Release|Any CPU
	EndGlobalSection
	GlobalSection(SolutionProperties) = preSolution
		HideSolutionNode = FALSE
	EndGlobalSection
	GlobalSection(ExtensibilityGlobals) = postSolution
		SolutionGuid = {CD8DAB4E-D90E-4D25-A211-FD5BE762E833}
	EndGlobalSection
EndGlobal
